
Microsoft Visual Studio Solution File, Format Version 12.00
# Visual Studio Version 17
VisualStudioVersion = 17.14.36119.2 d17.14
MinimumVisualStudioVersion = 10.0.40219.1
Project("{888888A0-9F3D-457C-B088-3A5042F75D52}") = "AutoClicker", "AutoClicker.pyproj", "{5712CE63-5A0C-4947-8344-BFDEA8B1B966}"
EndProject
Global
	GlobalSection(SolutionConfigurationPlatforms) = preSolution
		Debug|Any CPU = Debug|Any CPU
		Release|Any CPU = Release|Any CPU
	EndGlobalSection
	GlobalSection(ProjectConfigurationPlatforms) = postSolution
		{5712CE63-5A0C-4947-8344-BFDEA8B1B966}.Debug|Any CPU.ActiveCfg = Debug|Any CPU
		{5712CE63-5A0C-4947-8344-BFDEA8B1B966}.Release|Any CPU.ActiveCfg = Release|Any CPU
	EndGlobalSection
	GlobalSection(SolutionProperties) = preSolution
		HideSolutionNode = FALSE
	EndGlobalSection
	GlobalSection(ExtensibilityGlobals) = postSolution
		SolutionGuid = {750EA1B5-6541-4096-8552-C49108B83E32}
	EndGlobalSection
EndGlobal
